
Microsoft Visual Studio Solution File, Format Version 12.00
# Visual Studio 15
VisualStudioVersion = 15.0.28307.271
MinimumVisualStudioVersion = 10.0.40219.1
Project("{FAE04EC0-301F-11D3-BF4B-00C04F79EFBC}") = "Microsoft.RestServices", "Microsoft.RestServices\Microsoft.RestServices.csproj", "{063FF9C8-DCFE-4D5F-82B2-C41221C49E67}"
EndProject
Project("{FAE04EC0-301F-11D3-BF4B-00C04F79EFBC}") = "Microsoft.RestServices.Tests", "Microsoft.RestServices.Tests\Microsoft.RestServices.Tests.csproj", "{CC3ACB7A-9397-4CA3-AA56-06F9703F61CC}"
EndProject
Global
	GlobalSection(SolutionConfigurationPlatforms) = preSolution
		Debug|Any CPU = Debug|Any CPU
		Release|Any CPU = Release|Any CPU
	EndGlobalSection
	GlobalSection(ProjectConfigurationPlatforms) = postSolution
		{063FF9C8-DCFE-4D5F-82B2-C41221C49E67}.Debug|Any CPU.ActiveCfg = Debug|Any CPU
		{063FF9C8-DCFE-4D5F-82B2-C41221C49E67}.Debug|Any CPU.Build.0 = Debug|Any CPU
		{063FF9C8-DCFE-4D5F-82B2-C41221C49E67}.Release|Any CPU.ActiveCfg = Release|Any CPU
		{063FF9C8-DCFE-4D5F-82B2-C41221C49E67}.Release|Any CPU.Build.0 = Release|Any CPU
		{CC3ACB7A-9397-4CA3-AA56-06F9703F61CC}.Debug|Any CPU.ActiveCfg = Debug|Any CPU
		{CC3ACB7A-9397-4CA3-AA56-06F9703F61CC}.Debug|Any CPU.Build.0 = Debug|Any CPU
		{CC3ACB7A-9397-4CA3-AA56-06F9703F61CC}.Release|Any CPU.ActiveCfg = Release|Any CPU
		{CC3ACB7A-9397-4CA3-AA56-06F9703F61CC}.Release|Any CPU.Build.0 = Release|Any CPU
	EndGlobalSection
	GlobalSection(SolutionProperties) = preSolution
		HideSolutionNode = FALSE
	EndGlobalSection
	GlobalSection(ExtensibilityGlobals) = postSolution
		SolutionGuid = {A8BF30B2-1E2D-466B-9193-3D0AE92ABDEA}
	EndGlobalSection
EndGlobal
